
Microsoft Visual Studio Solution File, Format Version 12.00
# Visual Studio Version 16
VisualStudioVersion = 16.0.29806.167
MinimumVisualStudioVersion = 10.0.40219.1
Project("{FAE04EC0-301F-11D3-BF4B-00C04F79EFBC}") = "PeredatchikPSBR", "WindowsFormsApp2\PeredatchikPSBR.csproj", "{B6371213-2801-4322-A876-3CA36EBA6870}"
EndProject
Project("{54435603-DBB4-11D2-8724-00A0C9A8B90C}") = "Setup2", "Setup2\Setup2.vdproj", "{F08F1604-00C7-44B6-9B27-505C9D167093}"
EndProject
Global
	GlobalSection(SolutionConfigurationPlatforms) = preSolution
		Debug|Any CPU = Debug|Any CPU
		Debug|x64 = Debug|x64
		Release|Any CPU = Release|Any CPU
		Release|x64 = Release|x64
	EndGlobalSection
	GlobalSection(ProjectConfigurationPlatforms) = postSolution
		{B6371213-2801-4322-A876-3CA36EBA6870}.Debug|Any CPU.ActiveCfg = Debug|Any CPU
		{B6371213-2801-4322-A876-3CA36EBA6870}.Debug|Any CPU.Build.0 = Debug|Any CPU
		{B6371213-2801-4322-A876-3CA36EBA6870}.Debug|x64.ActiveCfg = Debug|x64
		{B6371213-2801-4322-A876-3CA36EBA6870}.Debug|x64.Build.0 = Debug|x64
		{B6371213-2801-4322-A876-3CA36EBA6870}.Release|Any CPU.ActiveCfg = Release|Any CPU
		{B6371213-2801-4322-A876-3CA36EBA6870}.Release|Any CPU.Build.0 = Release|Any CPU
		{B6371213-2801-4322-A876-3CA36EBA6870}.Release|x64.ActiveCfg = Release|Any CPU
		{B6371213-2801-4322-A876-3CA36EBA6870}.Release|x64.Build.0 = Release|Any CPU
		{F08F1604-00C7-44B6-9B27-505C9D167093}.Debug|Any CPU.ActiveCfg = Debug
		{F08F1604-00C7-44B6-9B27-505C9D167093}.Debug|x64.ActiveCfg = Debug
		{F08F1604-00C7-44B6-9B27-505C9D167093}.Debug|x64.Build.0 = Debug
		{F08F1604-00C7-44B6-9B27-505C9D167093}.Release|Any CPU.ActiveCfg = Release
		{F08F1604-00C7-44B6-9B27-505C9D167093}.Release|x64.ActiveCfg = Release
		{F08F1604-00C7-44B6-9B27-505C9D167093}.Release|x64.Build.0 = Release
	EndGlobalSection
	GlobalSection(SolutionProperties) = preSolution
		HideSolutionNode = FALSE
	EndGlobalSection
	GlobalSection(ExtensibilityGlobals) = postSolution
		SolutionGuid = {BD3075B5-B58E-42E4-B818-DEFC3E47CD77}
	EndGlobalSection
EndGlobal
